
Microsoft Visual Studio Solution File, Format Version 12.00
# Visual Studio Version 16
VisualStudioVersion = 16.0.32002.261
MinimumVisualStudioVersion = 10.0.40219.1
Project("{FAE04EC0-301F-11D3-BF4B-00C04F79EFBC}") = "EnumExercicio", "EnumExercicio\EnumExercicio.csproj", "{78DF663A-E491-4591-AEB3-D22FD6BA0CD9}"
EndProject
Global
	GlobalSection(SolutionConfigurationPlatforms) = preSolution
		Debug|Any CPU = Debug|Any CPU
		Release|Any CPU = Release|Any CPU
	EndGlobalSection
	GlobalSection(ProjectConfigurationPlatforms) = postSolution
		{78DF663A-E491-4591-AEB3-D22FD6BA0CD9}.Debug|Any CPU.ActiveCfg = Debug|Any CPU
		{78DF663A-E491-4591-AEB3-D22FD6BA0CD9}.Debug|Any CPU.Build.0 = Debug|Any CPU
		{78DF663A-E491-4591-AEB3-D22FD6BA0CD9}.Release|Any CPU.ActiveCfg = Release|Any CPU
		{78DF663A-E491-4591-AEB3-D22FD6BA0CD9}.Release|Any CPU.Build.0 = Release|Any CPU
	EndGlobalSection
	GlobalSection(SolutionProperties) = preSolution
		HideSolutionNode = FALSE
	EndGlobalSection
	GlobalSection(ExtensibilityGlobals) = postSolution
		SolutionGuid = {A9D64AEA-11DD-483D-8210-07AD4F7D2135}
	EndGlobalSection
EndGlobal
